
Microsoft Visual Studio Solution File, Format Version 12.00
# Visual Studio Version 17
VisualStudioVersion = 17.2.32630.192
MinimumVisualStudioVersion = 10.0.40219.1
Project("{9A19103F-16F7-4668-BE54-9A1E7A4F7556}") = "CarRental", "CarRental\CarRental.csproj", "{92402078-C8A5-4CAC-AA81-EF5B71261755}"
EndProject
Project("{9A19103F-16F7-4668-BE54-9A1E7A4F7556}") = "CarRental.Services", "CarRental.Services\CarRental.Services.csproj", "{D47D370E-6450-4A44-A9B5-B69BB081013D}"
EndProject
Project("{9A19103F-16F7-4668-BE54-9A1E7A4F7556}") = "CarRental.Data", "CarRental.Data\CarRental.Data.csproj", "{F8166DAC-72BE-4A3D-B2F6-4DD358F843E3}"
EndProject
Project("{9A19103F-16F7-4668-BE54-9A1E7A4F7556}") = "CarRental.ViewModels", "ViewModels\CarRental.ViewModels.csproj", "{32A7250F-3196-4E62-9F77-4456F3798370}"
EndProject
Project("{9A19103F-16F7-4668-BE54-9A1E7A4F7556}") = "CarRental.Global", "CarRental.Global\CarRental.Global.csproj", "{0BABAB60-C596-4F66-BC90-BDF810B8475B}"
EndProject
Global
	GlobalSection(SolutionConfigurationPlatforms) = preSolution
		Debug|Any CPU = Debug|Any CPU
		Release|Any CPU = Release|Any CPU
	EndGlobalSection
	GlobalSection(ProjectConfigurationPlatforms) = postSolution
		{92402078-C8A5-4CAC-AA81-EF5B71261755}.Debug|Any CPU.ActiveCfg = Debug|Any CPU
		{92402078-C8A5-4CAC-AA81-EF5B71261755}.Debug|Any CPU.Build.0 = Debug|Any CPU
		{92402078-C8A5-4CAC-AA81-EF5B71261755}.Release|Any CPU.ActiveCfg = Release|Any CPU
		{92402078-C8A5-4CAC-AA81-EF5B71261755}.Release|Any CPU.Build.0 = Release|Any CPU
		{D47D370E-6450-4A44-A9B5-B69BB081013D}.Debug|Any CPU.ActiveCfg = Debug|Any CPU
		{D47D370E-6450-4A44-A9B5-B69BB081013D}.Debug|Any CPU.Build.0 = Debug|Any CPU
		{D47D370E-6450-4A44-A9B5-B69BB081013D}.Release|Any CPU.ActiveCfg = Release|Any CPU
		{D47D370E-6450-4A44-A9B5-B69BB081013D}.Release|Any CPU.Build.0 = Release|Any CPU
		{F8166DAC-72BE-4A3D-B2F6-4DD358F843E3}.Debug|Any CPU.ActiveCfg = Debug|Any CPU
		{F8166DAC-72BE-4A3D-B2F6-4DD358F843E3}.Debug|Any CPU.Build.0 = Debug|Any CPU
		{F8166DAC-72BE-4A3D-B2F6-4DD358F843E3}.Release|Any CPU.ActiveCfg = Release|Any CPU
		{F8166DAC-72BE-4A3D-B2F6-4DD358F843E3}.Release|Any CPU.Build.0 = Release|Any CPU
		{32A7250F-3196-4E62-9F77-4456F3798370}.Debug|Any CPU.ActiveCfg = Debug|Any CPU
		{32A7250F-3196-4E62-9F77-4456F3798370}.Debug|Any CPU.Build.0 = Debug|Any CPU
		{32A7250F-3196-4E62-9F77-4456F3798370}.Release|Any CPU.ActiveCfg = Release|Any CPU
		{32A7250F-3196-4E62-9F77-4456F3798370}.Release|Any CPU.Build.0 = Release|Any CPU
		{0BABAB60-C596-4F66-BC90-BDF810B8475B}.Debug|Any CPU.ActiveCfg = Debug|Any CPU
		{0BABAB60-C596-4F66-BC90-BDF810B8475B}.Debug|Any CPU.Build.0 = Debug|Any CPU
		{0BABAB60-C596-4F66-BC90-BDF810B8475B}.Release|Any CPU.ActiveCfg = Release|Any CPU
		{0BABAB60-C596-4F66-BC90-BDF810B8475B}.Release|Any CPU.Build.0 = Release|Any CPU
	EndGlobalSection
	GlobalSection(SolutionProperties) = preSolution
		HideSolutionNode = FALSE
	EndGlobalSection
	GlobalSection(ExtensibilityGlobals) = postSolution
		SolutionGuid = {2953A287-5D41-46AD-8CAB-AA208A9519FD}
	EndGlobalSection
EndGlobal
